<?xml version="1.0" encoding="utf-8"?>
<Project ToolsVersion="17.0" xmlns="http://schemas.microsoft.com/developer/msbuild/2003">
  <ItemGroup>
    <ClCompile Include="C:\Users\16478\source\repos\NetworkingCPP\NetworkingCPP.cpp">
      <Filter>Source Files</Filter>
    </ClCompile>
  </ItemGroup>
  <ItemGroup>
    <ClInclude Include="C:\Users\16478\source\repos\NetworkingCPP\NetworkingCPP.h">
      <Filter>Header Files</Filter>
    </ClInclude>
    <ClInclude Include="C:\Users\16478\source\repos\NetworkingCPP\assemblyai.h">
      <Filter>Header Files</Filter>
    </ClInclude>
    <ClInclude Include="C:\Users\16478\source\repos\NetworkingCPP\ChatStructures.hpp">
      <Filter>Header Files</Filter>
    </ClInclude>
    <ClInclude Include="C:\Users\16478\source\repos\NetworkingCPP\file_player.hpp">
      <Filter>Header Files</Filter>
    </ClInclude>
    <ClInclude Include="C:\Users\16478\source\repos\NetworkingCPP\live_player.hpp">
      <Filter>Header Files</Filter>
    </ClInclude>
    <ClInclude Include="C:\Users\16478\source\repos\NetworkingCPP\openai-reduced.hpp">
      <Filter>Header Files</Filter>
    </ClInclude>
  </ItemGroup>
  <ItemGroup>
    <CustomBuild Include="C:\Users\16478\source\repos\NetworkingCPP\CMakeLists.txt" />
  </ItemGroup>
  <ItemGroup>
    <Natvis Include="C:\Users\16478\source\repos\NetworkingCPP\vcpkg_installed\x64-windows\share\nlohmann_json\nlohmann_json.natvis" />
  </ItemGroup>
  <ItemGroup>
    <Filter Include="Header Files">
      <UniqueIdentifier>{F324D183-D8BB-33DE-8FD9-91E0BE6406C9}</UniqueIdentifier>
    </Filter>
    <Filter Include="Source Files">
      <UniqueIdentifier>{9F642F32-81FE-37F1-AABE-7C401CCD4C40}</UniqueIdentifier>
    </Filter>
  </ItemGroup>
</Project>
