<?xml version="1.0" encoding="utf-8"?>
<Project ToolsVersion="17.0" xmlns="http://schemas.microsoft.com/developer/msbuild/2003">
  <ItemGroup>
    <CustomBuild Include="C:\Users\16478\source\repos\NetworkingCPP\CMakeFiles\ea12b2964f8249c7a8c407e4ca8ecd01\generate.stamp.rule">
      <Filter>CMake Rules</Filter>
    </CustomBuild>
  </ItemGroup>
  <ItemGroup>
    <Filter Include="CMake Rules">
      <UniqueIdentifier>{C32DBAC5-9841-3262-99B3-15B127D0FFBD}</UniqueIdentifier>
    </Filter>
  </ItemGroup>
</Project>
